
Microsoft Visual Studio Solution File, Format Version 12.00
# Visual Studio 2013
VisualStudioVersion = 12.0.30723.0
MinimumVisualStudioVersion = 10.0.40219.1
Project("{FAE04EC0-301F-11D3-BF4B-00C04F79EFBC}") = "GameService", "GameService\GameService.csproj", "{DE4FBFCF-C553-4348-993C-EAE0B1A6BBAF}"
EndProject
Project("{FAE04EC0-301F-11D3-BF4B-00C04F79EFBC}") = "Manager", "Manager\Manager.csproj", "{76DE4329-EBD3-4D2C-B9F6-CD44630D83EA}"
	ProjectSection(ProjectDependencies) = postProject
		{DE4FBFCF-C553-4348-993C-EAE0B1A6BBAF} = {DE4FBFCF-C553-4348-993C-EAE0B1A6BBAF}
	EndProjectSection
EndProject
Project("{FAE04EC0-301F-11D3-BF4B-00C04F79EFBC}") = "Client", "Client\Client.csproj", "{BCE0D21D-950B-40F7-A972-76F1AFD3A53A}"
	ProjectSection(ProjectDependencies) = postProject
		{3D6A2647-C025-4303-B91E-FF4263B5C93E} = {3D6A2647-C025-4303-B91E-FF4263B5C93E}
	EndProjectSection
EndProject
Project("{E24C65DC-7377-472B-9ABA-BC803B73C61A}") = "TranslatorService", "http://localhost:52452", "{3D6A2647-C025-4303-B91E-FF4263B5C93E}"
	ProjectSection(WebsiteProperties) = preProject
		UseIISExpress = "true"
		TargetFrameworkMoniker = ".NETFramework,Version%3Dv4.0"
		Debug.AspNetCompiler.VirtualPath = "/localhost_52452"
		Debug.AspNetCompiler.PhysicalPath = "TranslatorService\"
		Debug.AspNetCompiler.TargetPath = "PrecompiledWeb\localhost_52452\"
		Debug.AspNetCompiler.Updateable = "true"
		Debug.AspNetCompiler.ForceOverwrite = "true"
		Debug.AspNetCompiler.FixedNames = "false"
		Debug.AspNetCompiler.Debug = "True"
		Release.AspNetCompiler.VirtualPath = "/localhost_52452"
		Release.AspNetCompiler.PhysicalPath = "TranslatorService\"
		Release.AspNetCompiler.TargetPath = "PrecompiledWeb\localhost_52452\"
		Release.AspNetCompiler.Updateable = "true"
		Release.AspNetCompiler.ForceOverwrite = "true"
		Release.AspNetCompiler.FixedNames = "false"
		Release.AspNetCompiler.Debug = "False"
		SlnRelativePath = "TranslatorService\"
	EndProjectSection
EndProject
Global
	GlobalSection(SolutionConfigurationPlatforms) = preSolution
		Debug|Any CPU = Debug|Any CPU
		Release|Any CPU = Release|Any CPU
	EndGlobalSection
	GlobalSection(ProjectConfigurationPlatforms) = postSolution
		{DE4FBFCF-C553-4348-993C-EAE0B1A6BBAF}.Debug|Any CPU.ActiveCfg = Debug|Any CPU
		{DE4FBFCF-C553-4348-993C-EAE0B1A6BBAF}.Debug|Any CPU.Build.0 = Debug|Any CPU
		{DE4FBFCF-C553-4348-993C-EAE0B1A6BBAF}.Release|Any CPU.ActiveCfg = Release|Any CPU
		{DE4FBFCF-C553-4348-993C-EAE0B1A6BBAF}.Release|Any CPU.Build.0 = Release|Any CPU
		{76DE4329-EBD3-4D2C-B9F6-CD44630D83EA}.Debug|Any CPU.ActiveCfg = Debug|Any CPU
		{76DE4329-EBD3-4D2C-B9F6-CD44630D83EA}.Debug|Any CPU.Build.0 = Debug|Any CPU
		{76DE4329-EBD3-4D2C-B9F6-CD44630D83EA}.Release|Any CPU.ActiveCfg = Release|Any CPU
		{76DE4329-EBD3-4D2C-B9F6-CD44630D83EA}.Release|Any CPU.Build.0 = Release|Any CPU
		{BCE0D21D-950B-40F7-A972-76F1AFD3A53A}.Debug|Any CPU.ActiveCfg = Debug|Any CPU
		{BCE0D21D-950B-40F7-A972-76F1AFD3A53A}.Debug|Any CPU.Build.0 = Debug|Any CPU
		{BCE0D21D-950B-40F7-A972-76F1AFD3A53A}.Release|Any CPU.ActiveCfg = Release|Any CPU
		{BCE0D21D-950B-40F7-A972-76F1AFD3A53A}.Release|Any CPU.Build.0 = Release|Any CPU
		{3D6A2647-C025-4303-B91E-FF4263B5C93E}.Debug|Any CPU.ActiveCfg = Debug|Any CPU
		{3D6A2647-C025-4303-B91E-FF4263B5C93E}.Debug|Any CPU.Build.0 = Debug|Any CPU
		{3D6A2647-C025-4303-B91E-FF4263B5C93E}.Release|Any CPU.ActiveCfg = Debug|Any CPU
		{3D6A2647-C025-4303-B91E-FF4263B5C93E}.Release|Any CPU.Build.0 = Debug|Any CPU
	EndGlobalSection
	GlobalSection(SolutionProperties) = preSolution
		HideSolutionNode = FALSE
	EndGlobalSection
EndGlobal
